{
  "lockfileVersion": 1,
  "configVersion": 1,
  "workspaces": {
    "": {
      "name": "home",
      "dependencies": {
        "@napi-rs/keyring": "^1.1.7",
        "@svrooij/sonos": "^2.5.0",
        "citty": "^0.1.6",
        "consola": "^3.4.0",
        "unifi-protect": "^4.29.0",
      },
      "devDependencies": {
        "@types/bun": "latest",
        "typescript": "^5.7.0",
      },
    },
  },
  "packages": {
    "@napi-rs/keyring": ["@napi-rs/keyring@1.3.0", "", { "optionalDependencies": { "@napi-rs/keyring-darwin-arm64": "1.3.0", "@napi-rs/keyring-darwin-x64": "1.3.0", "@napi-rs/keyring-freebsd-x64": "1.3.0", "@napi-rs/keyring-linux-arm-gnueabihf": "1.3.0", "@napi-rs/keyring-linux-arm64-gnu": "1.3.0", "@napi-rs/keyring-linux-arm64-musl": "1.3.0", "@napi-rs/keyring-linux-riscv64-gnu": "1.3.0", "@napi-rs/keyring-linux-x64-gnu": "1.3.0", "@napi-rs/keyring-linux-x64-musl": "1.3.0", "@napi-rs/keyring-win32-arm64-msvc": "1.3.0", "@napi-rs/keyring-win32-ia32-msvc": "1.3.0", "@napi-rs/keyring-win32-x64-msvc": "1.3.0" } }, "sha512-WrOw/bcXm0f9qHkumlT1QlArXSTWqaY9sunsDpOk+yCCorCKMxvWT/a3xko4EYHVdeZoh00yI2TydXn6eyICDA=="],

    "@napi-rs/keyring-darwin-arm64": ["@napi-rs/keyring-darwin-arm64@1.3.0", "", { "os": "darwin", "cpu": "arm64" }, "sha512-pl76hJvdYUBn6I24bXiOBMA9nbDapo3I5B+f3OorjDU4dUMSypXeKbOVehJe8fhgTiH24flMyTS3aAIy43xegQ=="],

    "@napi-rs/keyring-darwin-x64": ["@napi-rs/keyring-darwin-x64@1.3.0", "", { "os": "darwin", "cpu": "x64" }, "sha512-YcJtEV5LA3cvA4z3BurgxH5IhTsW1JfIvcAAcqcecwk06Si9F9NqkxbZVIfDwQ8oRHgaBmT3zZJnLAotCrVahw=="],

    "@napi-rs/keyring-freebsd-x64": ["@napi-rs/keyring-freebsd-x64@1.3.0", "", { "os": "freebsd", "cpu": "x64" }, "sha512-vlLf31TGhfRAaxLDBhg8b89ss0HHD/lyNmL5F3UjSaz5CUXElsJmKYq9fqA/B+cZKUEUcLHHGhF0I/CqcFdaVw=="],

    "@napi-rs/keyring-linux-arm-gnueabihf": ["@napi-rs/keyring-linux-arm-gnueabihf@1.3.0", "", { "os": "linux", "cpu": "arm" }, "sha512-KiWdMMu/Inz/bHHIAGrnF7r54FZDYXuHO6UFF/rhIrshUsxbMG1Rl9lEymNtqqsVo927G0VYcb02FzWQ3iBQRQ=="],

    "@napi-rs/keyring-linux-arm64-gnu": ["@napi-rs/keyring-linux-arm64-gnu@1.3.0", "", { "os": "linux", "cpu": "arm64" }, "sha512-eyKGpY40lm9Jvs1aD294XRH4y7+TlJM0YVAryZeXA6TX0mb4gMkxVXwSQv7MCwgah7raeUd0dKUb4BPAYIgcMg=="],

    "@napi-rs/keyring-linux-arm64-musl": ["@napi-rs/keyring-linux-arm64-musl@1.3.0", "", { "os": "linux", "cpu": "arm64" }, "sha512-iIK6JWHXAJqDrEyLY3TmswwloVyt2vj+04TZnew+uSJ9gnDO8EwRbp3/iw3LpWaXiDO7VomGO6y8I0Id8uBZSw=="],

    "@napi-rs/keyring-linux-riscv64-gnu": ["@napi-rs/keyring-linux-riscv64-gnu@1.3.0", "", { "os": "linux", "cpu": "none" }, "sha512-/PGqrwn6EwgtK6vccASSXJRfOSP4vN1F4ASsIQ+7MdrK6hNvAJ1FZPrIuD5gGGdxezo3F++To2Wq7DbuGIeuNQ=="],

    "@napi-rs/keyring-linux-x64-gnu": ["@napi-rs/keyring-linux-x64-gnu@1.3.0", "", { "os": "linux", "cpu": "x64" }, "sha512-2PDK1WKWTu9lBGq9VvNEkSlQD3O7YwVpmnyN2M3cy4v7NJ/8gDMd9GXv3G+FVXN13uhp4gnnPBS+ScefmEeD2A=="],

    "@napi-rs/keyring-linux-x64-musl": ["@napi-rs/keyring-linux-x64-musl@1.3.0", "", { "os": "linux", "cpu": "x64" }, "sha512-oJ2HkX8YUo46QBkn0pG+HuIKQNqr523q6vBobCn+P95s4C4K6/kLBqHY/1bg5J4ap31DzsznhnFKcfBNBsjCnw=="],

    "@napi-rs/keyring-win32-arm64-msvc": ["@napi-rs/keyring-win32-arm64-msvc@1.3.0", "", { "os": "win32", "cpu": "arm64" }, "sha512-tOd3c/uAaeoE4ycVlmAdSvygz0Zt3zdca6Y7gokBeIbaRDWpjDIUOpU3MvML59XAaqyuKGsVVu0F/DZb1lHPmw=="],

    "@napi-rs/keyring-win32-ia32-msvc": ["@napi-rs/keyring-win32-ia32-msvc@1.3.0", "", { "os": "win32", "cpu": "ia32" }, "sha512-sPSqeAFZMGqP1R++M2JTza7GQJJ/TpCo6JU6Vcd4jnebvOaEDs9b7eipakU1PJdSvhpC2yXMCNRk9gXfrhuwHQ=="],

    "@napi-rs/keyring-win32-x64-msvc": ["@napi-rs/keyring-win32-x64-msvc@1.3.0", "", { "os": "win32", "cpu": "x64" }, "sha512-4DnCWXwDc0HRKwyRlG5y0VhKZW2tNRQfKKfyj6IX/KWfDNyq9hn4n+GL1auyDcOO/v8PwnhmYo2+rOOqCkvvOg=="],

    "@svrooij/sonos": ["@svrooij/sonos@2.5.0", "", { "dependencies": { "debug": "4.3.1", "fast-xml-parser": "3.19.0", "guid-typescript": "^1.0.9", "html-entities": "^2.3.2", "node-fetch": "^2.6.1", "typed-emitter": "^1.3.1" } }, "sha512-QcRJRo9aILj5/6ikebQsGZL9kqGP9Er6XyWJG5akHI0XIALMk/kLyXVrAnYZ2jef3Hj2GCCHCqCNkbAIqCZ53Q=="],

    "@types/bun": ["@types/bun@1.3.14", "", { "dependencies": { "bun-types": "1.3.14" } }, "sha512-h1hFqFVcvAvD9j9K7ZW7vd82aSA+rTdznZa+5bwvCwqSB1jmmfLcbIWhOLx1/+boy/xmjgCs/OMUL8hRJSmnPw=="],

    "@types/node": ["@types/node@25.9.1", "", { "dependencies": { "undici-types": ">=7.24.0 <7.24.7" } }, "sha512-xfrlY7UD5rMJk3ZVJP8BNzS28J36YJg+xp+LPXV1TdWxr8uMH5A860QNxYDGQe/ylDSgjxE52Q9VnO7p75tJxg=="],

    "bun-types": ["bun-types@1.3.14", "", { "dependencies": { "@types/node": "*" } }, "sha512-4N0ig0fEomHt5R0KCFWjovxow98rIoRwKolrYdCcknNwMekCXRnWEUvgu5soYV8QXtVsrUD8B95MBOZGPvr6KQ=="],

    "citty": ["citty@0.1.6", "", { "dependencies": { "consola": "^3.2.3" } }, "sha512-tskPPKEs8D2KPafUypv2gxwJP8h/OaJmC82QQGGDQcHvXX43xF2VDACcJVmZ0EuSxkpO9Kc4MlrA3q0+FG58AQ=="],

    "consola": ["consola@3.4.2", "", {}, "sha512-5IKcdX0nnYavi6G7TtOhwkYzyjfJlatbjMjuLSfE2kYT5pMDOilZ4OvMhi637CcDICTmz3wARPoyhqyX1Y+XvA=="],

    "debug": ["debug@4.3.1", "", { "dependencies": { "ms": "2.1.2" }, "peerDependencies": { "supports-color": "*" }, "optionalPeers": ["supports-color"] }, "sha512-doEwdvm4PCeK4K3RQN2ZC2BYUBaxwLARCqZmMjtF8a51J2Rb0xpVloFRnCODwqjpwnAoao4pelN8l3RJdv3gRQ=="],

    "fast-xml-parser": ["fast-xml-parser@3.19.0", "", { "bin": { "xml2js": "cli.js" } }, "sha512-4pXwmBplsCPv8FOY1WRakF970TjNGnGnfbOnLqjlYvMiF1SR3yOHyxMR/YCXpPTOspNF5gwudqktIP4VsWkvBg=="],

    "guid-typescript": ["guid-typescript@1.0.9", "", {}, "sha512-Y8T4vYhEfwJOTbouREvG+3XDsjr8E3kIr7uf+JZ0BYloFsttiHU0WfvANVsR7TxNUJa/WpCnw/Ino/p+DeBhBQ=="],

    "html-entities": ["html-entities@2.6.0", "", {}, "sha512-kig+rMn/QOVRvr7c86gQ8lWXq+Hkv6CbAH1hLu+RG338StTpE8Z0b44SDVaqVu7HGKf27frdmUYEs9hTUX/cLQ=="],

    "ms": ["ms@2.1.2", "", {}, "sha512-sGkPx+VjMtmA6MX27oA4FBFELFCZZ4S4XqeGOXCv68tT+jb3vk/RyaKWP0PTKyWtmLSM0b+adUTEvbs1PEaH2w=="],

    "node-fetch": ["node-fetch@2.7.0", "", { "dependencies": { "whatwg-url": "^5.0.0" }, "peerDependencies": { "encoding": "^0.1.0" }, "optionalPeers": ["encoding"] }, "sha512-c4FRfUm/dbcWZ7U+1Wq0AwCyFL+3nt2bEw05wfxSz+DWpWsitgmSgYmy2dQdWyKC1694ELPqMs/YzUSNozLt8A=="],

    "tr46": ["tr46@0.0.3", "", {}, "sha512-N3WMsuqV66lT30CrXNbEjx4GEwlow3v6rr4mCcv6prnfwhS01rkgyFdjPNBYd9br7LpXV1+Emh01fHnq2Gdgrw=="],

    "typed-emitter": ["typed-emitter@1.4.0", "", {}, "sha512-weBmoo3HhpKGgLBOYwe8EB31CzDFuaK7CCL+axXhUYhn4jo6DSkHnbefboCF5i4DQ2aMFe0C/FdTWcPdObgHyg=="],

    "typescript": ["typescript@5.9.3", "", { "bin": { "tsc": "bin/tsc", "tsserver": "bin/tsserver" } }, "sha512-jl1vZzPDinLr9eUt3J/t7V6FgNEw9QjvBPdysz9KfQDD41fQrC2Y4vKQdiaUpFT4bXlb1RHhLpp8wtm6M5TgSw=="],

    "undici": ["undici@8.0.2", "", {}, "sha512-B9MeU5wuFhkFAuNeA19K2GDFcQXZxq33fL0nRy2Aq30wdufZbyyvxW3/ChaeipXVfy/wUweZyzovQGk39+9k2w=="],

    "undici-types": ["undici-types@7.24.6", "", {}, "sha512-WRNW+sJgj5OBN4/0JpHFqtqzhpbnV0GuB+OozA9gCL7a993SmU+1JBZCzLNxYsbMfIeDL+lTsphD5jN5N+n0zg=="],

    "unifi-protect": ["unifi-protect@4.29.0", "", { "dependencies": { "undici": "8.0.2" }, "bin": { "ufp": "dist/util/ufp.js" } }, "sha512-vRLq+LEE8xtdTR5TfGUvZ4auIAAgO2TbtJDD3fSBiBtzP4JFXr9wSA5N2+odQkWDZpsGZ7PYvHLl7IH37C2+HQ=="],

    "webidl-conversions": ["webidl-conversions@3.0.1", "", {}, "sha512-2JAn3z8AR6rjK8Sm8orRC0h/bcl/DqL7tRPdGZ4I1CjdF+EaMLmYxBHyXuKL849eucPFhvBoxMsflfOb8kxaeQ=="],

    "whatwg-url": ["whatwg-url@5.0.0", "", { "dependencies": { "tr46": "~0.0.3", "webidl-conversions": "^3.0.0" } }, "sha512-saE57nupxk6v3HY35+jzBwYa0rKSy0XR8JSxZPwgLr7ys0IBzhGviA1/TUGJLmSVqs8pb9AnvICXEuOHLprYTw=="],
  }
}
